
Microsoft Visual Studio Solution File, Format Version 12.00
# Visual Studio Version 16
VisualStudioVersion = 16.0.29209.152
MinimumVisualStudioVersion = 10.0.40219.1
Project("{2150E333-8FDC-42A3-9474-1A3956D46DE8}") = "Client", "Client", "{914383B8-AB49-4D56-B191-68DCF657DC7E}"
EndProject
Project("{2150E333-8FDC-42A3-9474-1A3956D46DE8}") = "src", "src", "{1E451528-3A03-4DB9-99F7-6D40DC3A7E58}"
EndProject
Project("{9A19103F-16F7-4668-BE54-9A1E7A4F7556}") = "Mobile", "src\Mobile\Mobile\Mobile.csproj", "{397F57D4-EAA8-4277-B429-4396A1B4E104}"
EndProject
Project("{FAE04EC0-301F-11D3-BF4B-00C04F79EFBC}") = "Mobile.Android", "src\Mobile\Mobile.Android\Mobile.Android.csproj", "{D602692B-2615-4881-AB37-73C3AAE6D91A}"
EndProject
Project("{FAE04EC0-301F-11D3-BF4B-00C04F79EFBC}") = "Mobile.iOS", "src\Mobile\Mobile.iOS\Mobile.iOS.csproj", "{0E7C4085-1526-4AD5-9A12-4F1529A1DE0E}"
EndProject
Project("{FAE04EC0-301F-11D3-BF4B-00C04F79EFBC}") = "Mobile.UWP", "src\Mobile\Mobile.UWP\Mobile.UWP.csproj", "{F2F05A4E-6B4C-4688-8BAF-5F889C31D81C}"
EndProject
Project("{9A19103F-16F7-4668-BE54-9A1E7A4F7556}") = "Target", "src\Target\Target.csproj", "{08138213-D074-4898-92E0-9B5EEED34044}"
EndProject
Project("{2150E333-8FDC-42A3-9474-1A3956D46DE8}") = "test", "test", "{BA924F29-FB10-4ECA-9A2D-1AF11E94976B}"
EndProject
Project("{9A19103F-16F7-4668-BE54-9A1E7A4F7556}") = "Target.Test", "test\Target.Test\Target.Test.csproj", "{BA0A60E2-A546-4205-AAAD-FE47E3E5EF2E}"
EndProject
Project("{2150E333-8FDC-42A3-9474-1A3956D46DE8}") = "lib", "lib", "{46B78316-6AF3-48C4-9414-7632F8862484}"
EndProject
Project("{9A19103F-16F7-4668-BE54-9A1E7A4F7556}") = "Akavache.HostState", "lib\Akavache.HostState\Akavache.HostState.csproj", "{AF444045-4638-4AED-8ADE-6EB57E7EFB78}"
EndProject
Project("{9A19103F-16F7-4668-BE54-9A1E7A4F7556}") = "PowerControl", "lib\PowerControl\src\PowerControl.csproj", "{82D1808C-E974-41AB-9768-067C07387385}"
EndProject
Project("{2150E333-8FDC-42A3-9474-1A3956D46DE8}") = "build", "build", "{F8B5110E-159B-4336-8330-A76F94DECAA3}"
	ProjectSection(SolutionItems) = preProject
		build\installer.nsi = build\installer.nsi
		.github\workflows\workflow.yml = .github\workflows\workflow.yml
	EndProjectSection
EndProject
Global
	GlobalSection(SolutionConfigurationPlatforms) = preSolution
		Debug|Any CPU = Debug|Any CPU
		Debug|ARM = Debug|ARM
		Debug|iPhone = Debug|iPhone
		Debug|iPhoneSimulator = Debug|iPhoneSimulator
		Debug|x64 = Debug|x64
		Debug|x86 = Debug|x86
		Release|Any CPU = Release|Any CPU
		Release|ARM = Release|ARM
		Release|iPhone = Release|iPhone
		Release|iPhoneSimulator = Release|iPhoneSimulator
		Release|x64 = Release|x64
		Release|x86 = Release|x86
	EndGlobalSection
	GlobalSection(ProjectConfigurationPlatforms) = postSolution
		{397F57D4-EAA8-4277-B429-4396A1B4E104}.Debug|Any CPU.ActiveCfg = Debug|Any CPU
		{397F57D4-EAA8-4277-B429-4396A1B4E104}.Debug|Any CPU.Build.0 = Debug|Any CPU
		{397F57D4-EAA8-4277-B429-4396A1B4E104}.Debug|ARM.ActiveCfg = Debug|Any CPU
		{397F57D4-EAA8-4277-B429-4396A1B4E104}.Debug|ARM.Build.0 = Debug|Any CPU
		{397F57D4-EAA8-4277-B429-4396A1B4E104}.Debug|iPhone.ActiveCfg = Debug|Any CPU
		{397F57D4-EAA8-4277-B429-4396A1B4E104}.Debug|iPhone.Build.0 = Debug|Any CPU
		{397F57D4-EAA8-4277-B429-4396A1B4E104}.Debug|iPhoneSimulator.ActiveCfg = Debug|Any CPU
		{397F57D4-EAA8-4277-B429-4396A1B4E104}.Debug|iPhoneSimulator.Build.0 = Debug|Any CPU
		{397F57D4-EAA8-4277-B429-4396A1B4E104}.Debug|x64.ActiveCfg = Debug|Any CPU
		{397F57D4-EAA8-4277-B429-4396A1B4E104}.Debug|x64.Build.0 = Debug|Any CPU
		{397F57D4-EAA8-4277-B429-4396A1B4E104}.Debug|x86.ActiveCfg = Debug|Any CPU
		{397F57D4-EAA8-4277-B429-4396A1B4E104}.Debug|x86.Build.0 = Debug|Any CPU
		{397F57D4-EAA8-4277-B429-4396A1B4E104}.Release|Any CPU.ActiveCfg = Release|Any CPU
		{397F57D4-EAA8-4277-B429-4396A1B4E104}.Release|Any CPU.Build.0 = Release|Any CPU
		{397F57D4-EAA8-4277-B429-4396A1B4E104}.Release|ARM.ActiveCfg = Release|Any CPU
		{397F57D4-EAA8-4277-B429-4396A1B4E104}.Release|ARM.Build.0 = Release|Any CPU
		{397F57D4-EAA8-4277-B429-4396A1B4E104}.Release|iPhone.ActiveCfg = Release|Any CPU
		{397F57D4-EAA8-4277-B429-4396A1B4E104}.Release|iPhone.Build.0 = Release|Any CPU
		{397F57D4-EAA8-4277-B429-4396A1B4E104}.Release|iPhoneSimulator.ActiveCfg = Release|Any CPU
		{397F57D4-EAA8-4277-B429-4396A1B4E104}.Release|iPhoneSimulator.Build.0 = Release|Any CPU
		{397F57D4-EAA8-4277-B429-4396A1B4E104}.Release|x64.ActiveCfg = Release|Any CPU
		{397F57D4-EAA8-4277-B429-4396A1B4E104}.Release|x64.Build.0 = Release|Any CPU
		{397F57D4-EAA8-4277-B429-4396A1B4E104}.Release|x86.ActiveCfg = Release|Any CPU
		{397F57D4-EAA8-4277-B429-4396A1B4E104}.Release|x86.Build.0 = Release|Any CPU
		{D602692B-2615-4881-AB37-73C3AAE6D91A}.Debug|Any CPU.ActiveCfg = Debug|Any CPU
		{D602692B-2615-4881-AB37-73C3AAE6D91A}.Debug|Any CPU.Build.0 = Debug|Any CPU
		{D602692B-2615-4881-AB37-73C3AAE6D91A}.Debug|Any CPU.Deploy.0 = Debug|Any CPU
		{D602692B-2615-4881-AB37-73C3AAE6D91A}.Debug|ARM.ActiveCfg = Debug|Any CPU
		{D602692B-2615-4881-AB37-73C3AAE6D91A}.Debug|ARM.Build.0 = Debug|Any CPU
		{D602692B-2615-4881-AB37-73C3AAE6D91A}.Debug|ARM.Deploy.0 = Debug|Any CPU
		{D602692B-2615-4881-AB37-73C3AAE6D91A}.Debug|iPhone.ActiveCfg = Debug|Any CPU
		{D602692B-2615-4881-AB37-73C3AAE6D91A}.Debug|iPhone.Build.0 = Debug|Any CPU
		{D602692B-2615-4881-AB37-73C3AAE6D91A}.Debug|iPhone.Deploy.0 = Debug|Any CPU
		{D602692B-2615-4881-AB37-73C3AAE6D91A}.Debug|iPhoneSimulator.ActiveCfg = Debug|Any CPU
		{D602692B-2615-4881-AB37-73C3AAE6D91A}.Debug|iPhoneSimulator.Build.0 = Debug|Any CPU
		{D602692B-2615-4881-AB37-73C3AAE6D91A}.Debug|iPhoneSimulator.Deploy.0 = Debug|Any CPU
		{D602692B-2615-4881-AB37-73C3AAE6D91A}.Debug|x64.ActiveCfg = Debug|Any CPU
		{D602692B-2615-4881-AB37-73C3AAE6D91A}.Debug|x64.Build.0 = Debug|Any CPU
		{D602692B-2615-4881-AB37-73C3AAE6D91A}.Debug|x64.Deploy.0 = Debug|Any CPU
		{D602692B-2615-4881-AB37-73C3AAE6D91A}.Debug|x86.ActiveCfg = Debug|Any CPU
		{D602692B-2615-4881-AB37-73C3AAE6D91A}.Debug|x86.Build.0 = Debug|Any CPU
		{D602692B-2615-4881-AB37-73C3AAE6D91A}.Debug|x86.Deploy.0 = Debug|Any CPU
		{D602692B-2615-4881-AB37-73C3AAE6D91A}.Release|Any CPU.ActiveCfg = Release|Any CPU
		{D602692B-2615-4881-AB37-73C3AAE6D91A}.Release|Any CPU.Build.0 = Release|Any CPU
		{D602692B-2615-4881-AB37-73C3AAE6D91A}.Release|Any CPU.Deploy.0 = Release|Any CPU
		{D602692B-2615-4881-AB37-73C3AAE6D91A}.Release|ARM.ActiveCfg = Release|Any CPU
		{D602692B-2615-4881-AB37-73C3AAE6D91A}.Release|ARM.Build.0 = Release|Any CPU
		{D602692B-2615-4881-AB37-73C3AAE6D91A}.Release|ARM.Deploy.0 = Release|Any CPU
		{D602692B-2615-4881-AB37-73C3AAE6D91A}.Release|iPhone.ActiveCfg = Release|Any CPU
		{D602692B-2615-4881-AB37-73C3AAE6D91A}.Release|iPhone.Build.0 = Release|Any CPU
		{D602692B-2615-4881-AB37-73C3AAE6D91A}.Release|iPhone.Deploy.0 = Release|Any CPU
		{D602692B-2615-4881-AB37-73C3AAE6D91A}.Release|iPhoneSimulator.ActiveCfg = Release|Any CPU
		{D602692B-2615-4881-AB37-73C3AAE6D91A}.Release|iPhoneSimulator.Build.0 = Release|Any CPU
		{D602692B-2615-4881-AB37-73C3AAE6D91A}.Release|iPhoneSimulator.Deploy.0 = Release|Any CPU
		{D602692B-2615-4881-AB37-73C3AAE6D91A}.Release|x64.ActiveCfg = Release|Any CPU
		{D602692B-2615-4881-AB37-73C3AAE6D91A}.Release|x64.Build.0 = Release|Any CPU
		{D602692B-2615-4881-AB37-73C3AAE6D91A}.Release|x64.Deploy.0 = Release|Any CPU
		{D602692B-2615-4881-AB37-73C3AAE6D91A}.Release|x86.ActiveCfg = Release|Any CPU
		{D602692B-2615-4881-AB37-73C3AAE6D91A}.Release|x86.Build.0 = Release|Any CPU
		{D602692B-2615-4881-AB37-73C3AAE6D91A}.Release|x86.Deploy.0 = Release|Any CPU
		{0E7C4085-1526-4AD5-9A12-4F1529A1DE0E}.Debug|Any CPU.ActiveCfg = Debug|iPhone
		{0E7C4085-1526-4AD5-9A12-4F1529A1DE0E}.Debug|ARM.ActiveCfg = Debug|iPhone
		{0E7C4085-1526-4AD5-9A12-4F1529A1DE0E}.Debug|iPhone.ActiveCfg = Debug|iPhone
		{0E7C4085-1526-4AD5-9A12-4F1529A1DE0E}.Debug|iPhone.Build.0 = Debug|iPhone
		{0E7C4085-1526-4AD5-9A12-4F1529A1DE0E}.Debug|iPhoneSimulator.ActiveCfg = Debug|iPhoneSimulator
		{0E7C4085-1526-4AD5-9A12-4F1529A1DE0E}.Debug|iPhoneSimulator.Build.0 = Debug|iPhoneSimulator
		{0E7C4085-1526-4AD5-9A12-4F1529A1DE0E}.Debug|x64.ActiveCfg = Debug|iPhone
		{0E7C4085-1526-4AD5-9A12-4F1529A1DE0E}.Debug|x86.ActiveCfg = Debug|iPhone
		{0E7C4085-1526-4AD5-9A12-4F1529A1DE0E}.Release|Any CPU.ActiveCfg = Release|iPhone
		{0E7C4085-1526-4AD5-9A12-4F1529A1DE0E}.Release|ARM.ActiveCfg = Release|iPhone
		{0E7C4085-1526-4AD5-9A12-4F1529A1DE0E}.Release|iPhone.ActiveCfg = Release|iPhone
		{0E7C4085-1526-4AD5-9A12-4F1529A1DE0E}.Release|iPhone.Build.0 = Release|iPhone
		{0E7C4085-1526-4AD5-9A12-4F1529A1DE0E}.Release|iPhoneSimulator.ActiveCfg = Release|iPhoneSimulator
		{0E7C4085-1526-4AD5-9A12-4F1529A1DE0E}.Release|iPhoneSimulator.Build.0 = Release|iPhoneSimulator
		{0E7C4085-1526-4AD5-9A12-4F1529A1DE0E}.Release|x64.ActiveCfg = Release|iPhone
		{0E7C4085-1526-4AD5-9A12-4F1529A1DE0E}.Release|x86.ActiveCfg = Release|iPhone
		{F2F05A4E-6B4C-4688-8BAF-5F889C31D81C}.Debug|Any CPU.ActiveCfg = Debug|x86
		{F2F05A4E-6B4C-4688-8BAF-5F889C31D81C}.Debug|ARM.ActiveCfg = Debug|ARM
		{F2F05A4E-6B4C-4688-8BAF-5F889C31D81C}.Debug|ARM.Build.0 = Debug|ARM
		{F2F05A4E-6B4C-4688-8BAF-5F889C31D81C}.Debug|ARM.Deploy.0 = Debug|ARM
		{F2F05A4E-6B4C-4688-8BAF-5F889C31D81C}.Debug|iPhone.ActiveCfg = Debug|x86
		{F2F05A4E-6B4C-4688-8BAF-5F889C31D81C}.Debug|iPhoneSimulator.ActiveCfg = Debug|x86
		{F2F05A4E-6B4C-4688-8BAF-5F889C31D81C}.Debug|x64.ActiveCfg = Debug|x64
		{F2F05A4E-6B4C-4688-8BAF-5F889C31D81C}.Debug|x64.Build.0 = Debug|x64
		{F2F05A4E-6B4C-4688-8BAF-5F889C31D81C}.Debug|x64.Deploy.0 = Debug|x64
		{F2F05A4E-6B4C-4688-8BAF-5F889C31D81C}.Debug|x86.ActiveCfg = Debug|x86
		{F2F05A4E-6B4C-4688-8BAF-5F889C31D81C}.Debug|x86.Build.0 = Debug|x86
		{F2F05A4E-6B4C-4688-8BAF-5F889C31D81C}.Debug|x86.Deploy.0 = Debug|x86
		{F2F05A4E-6B4C-4688-8BAF-5F889C31D81C}.Release|Any CPU.ActiveCfg = Release|x86
		{F2F05A4E-6B4C-4688-8BAF-5F889C31D81C}.Release|ARM.ActiveCfg = Release|ARM
		{F2F05A4E-6B4C-4688-8BAF-5F889C31D81C}.Release|ARM.Build.0 = Release|ARM
		{F2F05A4E-6B4C-4688-8BAF-5F889C31D81C}.Release|ARM.Deploy.0 = Release|ARM
		{F2F05A4E-6B4C-4688-8BAF-5F889C31D81C}.Release|iPhone.ActiveCfg = Release|x86
		{F2F05A4E-6B4C-4688-8BAF-5F889C31D81C}.Release|iPhoneSimulator.ActiveCfg = Release|x86
		{F2F05A4E-6B4C-4688-8BAF-5F889C31D81C}.Release|x64.ActiveCfg = Release|x64
		{F2F05A4E-6B4C-4688-8BAF-5F889C31D81C}.Release|x64.Build.0 = Release|x64
		{F2F05A4E-6B4C-4688-8BAF-5F889C31D81C}.Release|x64.Deploy.0 = Release|x64
		{F2F05A4E-6B4C-4688-8BAF-5F889C31D81C}.Release|x86.ActiveCfg = Release|x86
		{F2F05A4E-6B4C-4688-8BAF-5F889C31D81C}.Release|x86.Build.0 = Release|x86
		{F2F05A4E-6B4C-4688-8BAF-5F889C31D81C}.Release|x86.Deploy.0 = Release|x86
		{08138213-D074-4898-92E0-9B5EEED34044}.Debug|Any CPU.ActiveCfg = Debug|Any CPU
		{08138213-D074-4898-92E0-9B5EEED34044}.Debug|Any CPU.Build.0 = Debug|Any CPU
		{08138213-D074-4898-92E0-9B5EEED34044}.Debug|ARM.ActiveCfg = Debug|Any CPU
		{08138213-D074-4898-92E0-9B5EEED34044}.Debug|ARM.Build.0 = Debug|Any CPU
		{08138213-D074-4898-92E0-9B5EEED34044}.Debug|iPhone.ActiveCfg = Debug|Any CPU
		{08138213-D074-4898-92E0-9B5EEED34044}.Debug|iPhone.Build.0 = Debug|Any CPU
		{08138213-D074-4898-92E0-9B5EEED34044}.Debug|iPhoneSimulator.ActiveCfg = Debug|Any CPU
		{08138213-D074-4898-92E0-9B5EEED34044}.Debug|iPhoneSimulator.Build.0 = Debug|Any CPU
		{08138213-D074-4898-92E0-9B5EEED34044}.Debug|x64.ActiveCfg = Debug|Any CPU
		{08138213-D074-4898-92E0-9B5EEED34044}.Debug|x64.Build.0 = Debug|Any CPU
		{08138213-D074-4898-92E0-9B5EEED34044}.Debug|x86.ActiveCfg = Debug|Any CPU
		{08138213-D074-4898-92E0-9B5EEED34044}.Debug|x86.Build.0 = Debug|Any CPU
		{08138213-D074-4898-92E0-9B5EEED34044}.Release|Any CPU.ActiveCfg = Release|Any CPU
		{08138213-D074-4898-92E0-9B5EEED34044}.Release|Any CPU.Build.0 = Release|Any CPU
		{08138213-D074-4898-92E0-9B5EEED34044}.Release|ARM.ActiveCfg = Release|Any CPU
		{08138213-D074-4898-92E0-9B5EEED34044}.Release|ARM.Build.0 = Release|Any CPU
		{08138213-D074-4898-92E0-9B5EEED34044}.Release|iPhone.ActiveCfg = Release|Any CPU
		{08138213-D074-4898-92E0-9B5EEED34044}.Release|iPhone.Build.0 = Release|Any CPU
		{08138213-D074-4898-92E0-9B5EEED34044}.Release|iPhoneSimulator.ActiveCfg = Release|Any CPU
		{08138213-D074-4898-92E0-9B5EEED34044}.Release|iPhoneSimulator.Build.0 = Release|Any CPU
		{08138213-D074-4898-92E0-9B5EEED34044}.Release|x64.ActiveCfg = Release|Any CPU
		{08138213-D074-4898-92E0-9B5EEED34044}.Release|x64.Build.0 = Release|Any CPU
		{08138213-D074-4898-92E0-9B5EEED34044}.Release|x86.ActiveCfg = Release|Any CPU
		{08138213-D074-4898-92E0-9B5EEED34044}.Release|x86.Build.0 = Release|Any CPU
		{BA0A60E2-A546-4205-AAAD-FE47E3E5EF2E}.Debug|Any CPU.ActiveCfg = Debug|Any CPU
		{BA0A60E2-A546-4205-AAAD-FE47E3E5EF2E}.Debug|Any CPU.Build.0 = Debug|Any CPU
		{BA0A60E2-A546-4205-AAAD-FE47E3E5EF2E}.Debug|ARM.ActiveCfg = Debug|Any CPU
		{BA0A60E2-A546-4205-AAAD-FE47E3E5EF2E}.Debug|ARM.Build.0 = Debug|Any CPU
		{BA0A60E2-A546-4205-AAAD-FE47E3E5EF2E}.Debug|iPhone.ActiveCfg = Debug|Any CPU
		{BA0A60E2-A546-4205-AAAD-FE47E3E5EF2E}.Debug|iPhone.Build.0 = Debug|Any CPU
		{BA0A60E2-A546-4205-AAAD-FE47E3E5EF2E}.Debug|iPhoneSimulator.ActiveCfg = Debug|Any CPU
		{BA0A60E2-A546-4205-AAAD-FE47E3E5EF2E}.Debug|iPhoneSimulator.Build.0 = Debug|Any CPU
		{BA0A60E2-A546-4205-AAAD-FE47E3E5EF2E}.Debug|x64.ActiveCfg = Debug|Any CPU
		{BA0A60E2-A546-4205-AAAD-FE47E3E5EF2E}.Debug|x64.Build.0 = Debug|Any CPU
		{BA0A60E2-A546-4205-AAAD-FE47E3E5EF2E}.Debug|x86.ActiveCfg = Debug|Any CPU
		{BA0A60E2-A546-4205-AAAD-FE47E3E5EF2E}.Debug|x86.Build.0 = Debug|Any CPU
		{BA0A60E2-A546-4205-AAAD-FE47E3E5EF2E}.Release|Any CPU.ActiveCfg = Release|Any CPU
		{BA0A60E2-A546-4205-AAAD-FE47E3E5EF2E}.Release|Any CPU.Build.0 = Release|Any CPU
		{BA0A60E2-A546-4205-AAAD-FE47E3E5EF2E}.Release|ARM.ActiveCfg = Release|Any CPU
		{BA0A60E2-A546-4205-AAAD-FE47E3E5EF2E}.Release|ARM.Build.0 = Release|Any CPU
		{BA0A60E2-A546-4205-AAAD-FE47E3E5EF2E}.Release|iPhone.ActiveCfg = Release|Any CPU
		{BA0A60E2-A546-4205-AAAD-FE47E3E5EF2E}.Release|iPhone.Build.0 = Release|Any CPU
		{BA0A60E2-A546-4205-AAAD-FE47E3E5EF2E}.Release|iPhoneSimulator.ActiveCfg = Release|Any CPU
		{BA0A60E2-A546-4205-AAAD-FE47E3E5EF2E}.Release|iPhoneSimulator.Build.0 = Release|Any CPU
		{BA0A60E2-A546-4205-AAAD-FE47E3E5EF2E}.Release|x64.ActiveCfg = Release|Any CPU
		{BA0A60E2-A546-4205-AAAD-FE47E3E5EF2E}.Release|x64.Build.0 = Release|Any CPU
		{BA0A60E2-A546-4205-AAAD-FE47E3E5EF2E}.Release|x86.ActiveCfg = Release|Any CPU
		{BA0A60E2-A546-4205-AAAD-FE47E3E5EF2E}.Release|x86.Build.0 = Release|Any CPU
		{AF444045-4638-4AED-8ADE-6EB57E7EFB78}.Debug|Any CPU.ActiveCfg = Debug|Any CPU
		{AF444045-4638-4AED-8ADE-6EB57E7EFB78}.Debug|Any CPU.Build.0 = Debug|Any CPU
		{AF444045-4638-4AED-8ADE-6EB57E7EFB78}.Debug|ARM.ActiveCfg = Debug|Any CPU
		{AF444045-4638-4AED-8ADE-6EB57E7EFB78}.Debug|ARM.Build.0 = Debug|Any CPU
		{AF444045-4638-4AED-8ADE-6EB57E7EFB78}.Debug|iPhone.ActiveCfg = Debug|Any CPU
		{AF444045-4638-4AED-8ADE-6EB57E7EFB78}.Debug|iPhone.Build.0 = Debug|Any CPU
		{AF444045-4638-4AED-8ADE-6EB57E7EFB78}.Debug|iPhoneSimulator.ActiveCfg = Debug|Any CPU
		{AF444045-4638-4AED-8ADE-6EB57E7EFB78}.Debug|iPhoneSimulator.Build.0 = Debug|Any CPU
		{AF444045-4638-4AED-8ADE-6EB57E7EFB78}.Debug|x64.ActiveCfg = Debug|Any CPU
		{AF444045-4638-4AED-8ADE-6EB57E7EFB78}.Debug|x64.Build.0 = Debug|Any CPU
		{AF444045-4638-4AED-8ADE-6EB57E7EFB78}.Debug|x86.ActiveCfg = Debug|Any CPU
		{AF444045-4638-4AED-8ADE-6EB57E7EFB78}.Debug|x86.Build.0 = Debug|Any CPU
		{AF444045-4638-4AED-8ADE-6EB57E7EFB78}.Release|Any CPU.ActiveCfg = Release|Any CPU
		{AF444045-4638-4AED-8ADE-6EB57E7EFB78}.Release|Any CPU.Build.0 = Release|Any CPU
		{AF444045-4638-4AED-8ADE-6EB57E7EFB78}.Release|ARM.ActiveCfg = Release|Any CPU
		{AF444045-4638-4AED-8ADE-6EB57E7EFB78}.Release|ARM.Build.0 = Release|Any CPU
		{AF444045-4638-4AED-8ADE-6EB57E7EFB78}.Release|iPhone.ActiveCfg = Release|Any CPU
		{AF444045-4638-4AED-8ADE-6EB57E7EFB78}.Release|iPhone.Build.0 = Release|Any CPU
		{AF444045-4638-4AED-8ADE-6EB57E7EFB78}.Release|iPhoneSimulator.ActiveCfg = Release|Any CPU
		{AF444045-4638-4AED-8ADE-6EB57E7EFB78}.Release|iPhoneSimulator.Build.0 = Release|Any CPU
		{AF444045-4638-4AED-8ADE-6EB57E7EFB78}.Release|x64.ActiveCfg = Release|Any CPU
		{AF444045-4638-4AED-8ADE-6EB57E7EFB78}.Release|x64.Build.0 = Release|Any CPU
		{AF444045-4638-4AED-8ADE-6EB57E7EFB78}.Release|x86.ActiveCfg = Release|Any CPU
		{AF444045-4638-4AED-8ADE-6EB57E7EFB78}.Release|x86.Build.0 = Release|Any CPU
		{82D1808C-E974-41AB-9768-067C07387385}.Debug|Any CPU.ActiveCfg = Debug|Any CPU
		{82D1808C-E974-41AB-9768-067C07387385}.Debug|Any CPU.Build.0 = Debug|Any CPU
		{82D1808C-E974-41AB-9768-067C07387385}.Debug|ARM.ActiveCfg = Debug|Any CPU
		{82D1808C-E974-41AB-9768-067C07387385}.Debug|ARM.Build.0 = Debug|Any CPU
		{82D1808C-E974-41AB-9768-067C07387385}.Debug|iPhone.ActiveCfg = Debug|Any CPU
		{82D1808C-E974-41AB-9768-067C07387385}.Debug|iPhone.Build.0 = Debug|Any CPU
		{82D1808C-E974-41AB-9768-067C07387385}.Debug|iPhoneSimulator.ActiveCfg = Debug|Any CPU
		{82D1808C-E974-41AB-9768-067C07387385}.Debug|iPhoneSimulator.Build.0 = Debug|Any CPU
		{82D1808C-E974-41AB-9768-067C07387385}.Debug|x64.ActiveCfg = Debug|Any CPU
		{82D1808C-E974-41AB-9768-067C07387385}.Debug|x64.Build.0 = Debug|Any CPU
		{82D1808C-E974-41AB-9768-067C07387385}.Debug|x86.ActiveCfg = Debug|Any CPU
		{82D1808C-E974-41AB-9768-067C07387385}.Debug|x86.Build.0 = Debug|Any CPU
		{82D1808C-E974-41AB-9768-067C07387385}.Release|Any CPU.ActiveCfg = Release|Any CPU
		{82D1808C-E974-41AB-9768-067C07387385}.Release|Any CPU.Build.0 = Release|Any CPU
		{82D1808C-E974-41AB-9768-067C07387385}.Release|ARM.ActiveCfg = Release|Any CPU
		{82D1808C-E974-41AB-9768-067C07387385}.Release|ARM.Build.0 = Release|Any CPU
		{82D1808C-E974-41AB-9768-067C07387385}.Release|iPhone.ActiveCfg = Release|Any CPU
		{82D1808C-E974-41AB-9768-067C07387385}.Release|iPhone.Build.0 = Release|Any CPU
		{82D1808C-E974-41AB-9768-067C07387385}.Release|iPhoneSimulator.ActiveCfg = Release|Any CPU
		{82D1808C-E974-41AB-9768-067C07387385}.Release|iPhoneSimulator.Build.0 = Release|Any CPU
		{82D1808C-E974-41AB-9768-067C07387385}.Release|x64.ActiveCfg = Release|Any CPU
		{82D1808C-E974-41AB-9768-067C07387385}.Release|x64.Build.0 = Release|Any CPU
		{82D1808C-E974-41AB-9768-067C07387385}.Release|x86.ActiveCfg = Release|Any CPU
		{82D1808C-E974-41AB-9768-067C07387385}.Release|x86.Build.0 = Release|Any CPU
	EndGlobalSection
	GlobalSection(SolutionProperties) = preSolution
		HideSolutionNode = FALSE
	EndGlobalSection
	GlobalSection(NestedProjects) = preSolution
		{914383B8-AB49-4D56-B191-68DCF657DC7E} = {1E451528-3A03-4DB9-99F7-6D40DC3A7E58}
		{397F57D4-EAA8-4277-B429-4396A1B4E104} = {914383B8-AB49-4D56-B191-68DCF657DC7E}
		{D602692B-2615-4881-AB37-73C3AAE6D91A} = {914383B8-AB49-4D56-B191-68DCF657DC7E}
		{0E7C4085-1526-4AD5-9A12-4F1529A1DE0E} = {914383B8-AB49-4D56-B191-68DCF657DC7E}
		{F2F05A4E-6B4C-4688-8BAF-5F889C31D81C} = {914383B8-AB49-4D56-B191-68DCF657DC7E}
		{08138213-D074-4898-92E0-9B5EEED34044} = {1E451528-3A03-4DB9-99F7-6D40DC3A7E58}
		{BA0A60E2-A546-4205-AAAD-FE47E3E5EF2E} = {BA924F29-FB10-4ECA-9A2D-1AF11E94976B}
		{AF444045-4638-4AED-8ADE-6EB57E7EFB78} = {46B78316-6AF3-48C4-9414-7632F8862484}
		{82D1808C-E974-41AB-9768-067C07387385} = {46B78316-6AF3-48C4-9414-7632F8862484}
	EndGlobalSection
	GlobalSection(ExtensibilityGlobals) = postSolution
		SolutionGuid = {945444FD-ECF9-44D8-A87C-E7E55121B27A}
	EndGlobalSection
EndGlobal
